
Microsoft Visual Studio Solution File, Format Version 12.00
# Visual Studio Version 17
VisualStudioVersion = 17.14.36301.6 d17.14
MinimumVisualStudioVersion = 10.0.40219.1
Project("{FAE04EC0-301F-11D3-BF4B-00C04F79EFBC}") = "DbdKillNumCounter", "DbdKillNumCounter.csproj", "{26B6805C-6B3F-4880-B602-4716558B823D}"
EndProject
Global
	GlobalSection(SolutionConfigurationPlatforms) = preSolution
		Debug|Any CPU = Debug|Any CPU
		Release|Any CPU = Release|Any CPU
	EndGlobalSection
	GlobalSection(ProjectConfigurationPlatforms) = postSolution
		{26B6805C-6B3F-4880-B602-4716558B823D}.Debug|Any CPU.ActiveCfg = Debug|Any CPU
		{26B6805C-6B3F-4880-B602-4716558B823D}.Debug|Any CPU.Build.0 = Debug|Any CPU
		{26B6805C-6B3F-4880-B602-4716558B823D}.Release|Any CPU.ActiveCfg = Release|Any CPU
		{26B6805C-6B3F-4880-B602-4716558B823D}.Release|Any CPU.Build.0 = Release|Any CPU
	EndGlobalSection
	GlobalSection(SolutionProperties) = preSolution
		HideSolutionNode = FALSE
	EndGlobalSection
	GlobalSection(ExtensibilityGlobals) = postSolution
		SolutionGuid = {42146BF1-5C69-408C-BDA0-9ED9BE521A4E}
	EndGlobalSection
EndGlobal
